
Microsoft Visual Studio Solution File, Format Version 12.00
# Visual Studio Version 17
VisualStudioVersion = 17.9.34701.34
MinimumVisualStudioVersion = 10.0.40219.1
Project("{FAE04EC0-301F-11D3-BF4B-00C04F79EFBC}") = "Lit.Test.API", "Lit.Test.API\Lit.Test.API.csproj", "{DD789219-89A5-4689-8BEF-86057945975F}"
EndProject
Global
	GlobalSection(SolutionConfigurationPlatforms) = preSolution
		Debug|Any CPU = Debug|Any CPU
		Release|Any CPU = Release|Any CPU
	EndGlobalSection
	GlobalSection(ProjectConfigurationPlatforms) = postSolution
		{DD789219-89A5-4689-8BEF-86057945975F}.Debug|Any CPU.ActiveCfg = Debug|Any CPU
		{DD789219-89A5-4689-8BEF-86057945975F}.Debug|Any CPU.Build.0 = Debug|Any CPU
		{DD789219-89A5-4689-8BEF-86057945975F}.Release|Any CPU.ActiveCfg = Release|Any CPU
		{DD789219-89A5-4689-8BEF-86057945975F}.Release|Any CPU.Build.0 = Release|Any CPU
	EndGlobalSection
	GlobalSection(SolutionProperties) = preSolution
		HideSolutionNode = FALSE
	EndGlobalSection
	GlobalSection(ExtensibilityGlobals) = postSolution
		SolutionGuid = {2FDEF4BF-DD54-436E-BF6A-7795A3F67EEC}
	EndGlobalSection
EndGlobal
