
Microsoft Visual Studio Solution File, Format Version 12.00
# Visual Studio Version 17
VisualStudioVersion = 17.10.34916.146
MinimumVisualStudioVersion = 10.0.40219.1
Project("{FAE04EC0-301F-11D3-BF4B-00C04F79EFBC}") = "TableStorage", "TableStorage\TableStorage.csproj", "{EC20BC5E-8DFF-4DB3-801C-2F2B722DD838}"
EndProject
Global
	GlobalSection(SolutionConfigurationPlatforms) = preSolution
		Debug|Any CPU = Debug|Any CPU
		Release|Any CPU = Release|Any CPU
	EndGlobalSection
	GlobalSection(ProjectConfigurationPlatforms) = postSolution
		{EC20BC5E-8DFF-4DB3-801C-2F2B722DD838}.Debug|Any CPU.ActiveCfg = Debug|Any CPU
		{EC20BC5E-8DFF-4DB3-801C-2F2B722DD838}.Debug|Any CPU.Build.0 = Debug|Any CPU
		{EC20BC5E-8DFF-4DB3-801C-2F2B722DD838}.Release|Any CPU.ActiveCfg = Release|Any CPU
		{EC20BC5E-8DFF-4DB3-801C-2F2B722DD838}.Release|Any CPU.Build.0 = Release|Any CPU
	EndGlobalSection
	GlobalSection(SolutionProperties) = preSolution
		HideSolutionNode = FALSE
	EndGlobalSection
	GlobalSection(ExtensibilityGlobals) = postSolution
		SolutionGuid = {AEB40A0C-CD69-4879-867C-3375F5054F05}
	EndGlobalSection
EndGlobal
