
Microsoft Visual Studio Solution File, Format Version 12.00
# Visual Studio Version 17
VisualStudioVersion = 17.4.33122.133
MinimumVisualStudioVersion = 10.0.40219.1
Project("{9A19103F-16F7-4668-BE54-9A1E7A4F7556}") = "DataAccess.Sample.Web", "DataAccess.Sample.Web\DataAccess.Sample.Web.csproj", "{A1101D0E-1C34-4426-AFB6-F4633917529A}"
EndProject
Project("{9A19103F-16F7-4668-BE54-9A1E7A4F7556}") = "DataAccess.Sample.Domain", "DataAccess.Sample.Domain\DataAccess.Sample.Domain.csproj", "{3A711F3F-8CB9-4200-89B8-71B2753B644B}"
EndProject
Project("{2150E333-8FDC-42A3-9474-1A3956D46DE8}") = "Solution Items", "Solution Items", "{CC6FB0FF-096A-4C77-8CB5-669D70EEE9CA}"
	ProjectSection(SolutionItems) = preProject
		README.md = README.md
	EndProjectSection
EndProject
Project("{9A19103F-16F7-4668-BE54-9A1E7A4F7556}") = "DataAccess.Sample.Data", "DataAccess.Sample.Data\DataAccess.Sample.Data.csproj", "{E7665359-5A8A-4953-B510-DDBEAB48A3BA}"
EndProject
Global
	GlobalSection(SolutionConfigurationPlatforms) = preSolution
		Debug|Any CPU = Debug|Any CPU
		Release|Any CPU = Release|Any CPU
	EndGlobalSection
	GlobalSection(ProjectConfigurationPlatforms) = postSolution
		{A1101D0E-1C34-4426-AFB6-F4633917529A}.Debug|Any CPU.ActiveCfg = Debug|Any CPU
		{A1101D0E-1C34-4426-AFB6-F4633917529A}.Debug|Any CPU.Build.0 = Debug|Any CPU
		{A1101D0E-1C34-4426-AFB6-F4633917529A}.Release|Any CPU.ActiveCfg = Release|Any CPU
		{A1101D0E-1C34-4426-AFB6-F4633917529A}.Release|Any CPU.Build.0 = Release|Any CPU
		{3A711F3F-8CB9-4200-89B8-71B2753B644B}.Debug|Any CPU.ActiveCfg = Debug|Any CPU
		{3A711F3F-8CB9-4200-89B8-71B2753B644B}.Debug|Any CPU.Build.0 = Debug|Any CPU
		{3A711F3F-8CB9-4200-89B8-71B2753B644B}.Release|Any CPU.ActiveCfg = Release|Any CPU
		{3A711F3F-8CB9-4200-89B8-71B2753B644B}.Release|Any CPU.Build.0 = Release|Any CPU
		{E7665359-5A8A-4953-B510-DDBEAB48A3BA}.Debug|Any CPU.ActiveCfg = Debug|Any CPU
		{E7665359-5A8A-4953-B510-DDBEAB48A3BA}.Debug|Any CPU.Build.0 = Debug|Any CPU
		{E7665359-5A8A-4953-B510-DDBEAB48A3BA}.Release|Any CPU.ActiveCfg = Release|Any CPU
		{E7665359-5A8A-4953-B510-DDBEAB48A3BA}.Release|Any CPU.Build.0 = Release|Any CPU
	EndGlobalSection
	GlobalSection(SolutionProperties) = preSolution
		HideSolutionNode = FALSE
	EndGlobalSection
	GlobalSection(ExtensibilityGlobals) = postSolution
		SolutionGuid = {F1D05F4E-BC43-425B-A2A1-224EF180DAA5}
	EndGlobalSection
EndGlobal
