
Microsoft Visual Studio Solution File, Format Version 12.00
# Visual Studio Version 17
VisualStudioVersion = 17.8.34511.84
MinimumVisualStudioVersion = 10.0.40219.1
Project("{FAE04EC0-301F-11D3-BF4B-00C04F79EFBC}") = "Messaging.Outbox.Producer", "Messaging.Outbox.Producer\Messaging.Outbox.Producer.csproj", "{04AEFA74-E85B-494D-8B28-15A5E9550D40}"
EndProject
Global
	GlobalSection(SolutionConfigurationPlatforms) = preSolution
		Debug|Any CPU = Debug|Any CPU
		Release|Any CPU = Release|Any CPU
	EndGlobalSection
	GlobalSection(ProjectConfigurationPlatforms) = postSolution
		{04AEFA74-E85B-494D-8B28-15A5E9550D40}.Debug|Any CPU.ActiveCfg = Debug|Any CPU
		{04AEFA74-E85B-494D-8B28-15A5E9550D40}.Debug|Any CPU.Build.0 = Debug|Any CPU
		{04AEFA74-E85B-494D-8B28-15A5E9550D40}.Release|Any CPU.ActiveCfg = Release|Any CPU
		{04AEFA74-E85B-494D-8B28-15A5E9550D40}.Release|Any CPU.Build.0 = Release|Any CPU
	EndGlobalSection
	GlobalSection(SolutionProperties) = preSolution
		HideSolutionNode = FALSE
	EndGlobalSection
	GlobalSection(ExtensibilityGlobals) = postSolution
		SolutionGuid = {4D6E32E6-7255-40DD-A893-BD6C35E6B286}
	EndGlobalSection
EndGlobal
