
Microsoft Visual Studio Solution File, Format Version 12.00
# Visual Studio Version 17
VisualStudioVersion = 17.8.34511.84
MinimumVisualStudioVersion = 10.0.40219.1
Project("{9A19103F-16F7-4668-BE54-9A1E7A4F7556}") = "Messaging.Example.Producer", "Messaging.Example.Producer\Messaging.Example.Producer.csproj", "{93610766-1750-4720-8F22-F903617CE4FC}"
EndProject
Project("{FAE04EC0-301F-11D3-BF4B-00C04F79EFBC}") = "Messaging.Example.Consumer1", "Messaging.Example.Consumer1\Messaging.Example.Consumer1.csproj", "{BF4CCC7E-9DBA-41B6-B5E3-BD595CD04B22}"
EndProject
Project("{FAE04EC0-301F-11D3-BF4B-00C04F79EFBC}") = "Messaging.Example.Consumer2", "Messaging.Example.Consumer2\Messaging.Example.Consumer2.csproj", "{F921D6EE-FEF9-4E80-ADD0-09F3A79093A0}"
EndProject
Project("{FAE04EC0-301F-11D3-BF4B-00C04F79EFBC}") = "Messaging.Example.Business", "Messaging.Example.Business\Messaging.Example.Business.csproj", "{C5149FCD-9092-4F54-95DC-0006FE7424F9}"
EndProject
Global
	GlobalSection(SolutionConfigurationPlatforms) = preSolution
		Debug|Any CPU = Debug|Any CPU
		Release|Any CPU = Release|Any CPU
	EndGlobalSection
	GlobalSection(ProjectConfigurationPlatforms) = postSolution
		{93610766-1750-4720-8F22-F903617CE4FC}.Debug|Any CPU.ActiveCfg = Debug|Any CPU
		{93610766-1750-4720-8F22-F903617CE4FC}.Debug|Any CPU.Build.0 = Debug|Any CPU
		{93610766-1750-4720-8F22-F903617CE4FC}.Release|Any CPU.ActiveCfg = Release|Any CPU
		{93610766-1750-4720-8F22-F903617CE4FC}.Release|Any CPU.Build.0 = Release|Any CPU
		{BF4CCC7E-9DBA-41B6-B5E3-BD595CD04B22}.Debug|Any CPU.ActiveCfg = Debug|Any CPU
		{BF4CCC7E-9DBA-41B6-B5E3-BD595CD04B22}.Debug|Any CPU.Build.0 = Debug|Any CPU
		{BF4CCC7E-9DBA-41B6-B5E3-BD595CD04B22}.Release|Any CPU.ActiveCfg = Release|Any CPU
		{BF4CCC7E-9DBA-41B6-B5E3-BD595CD04B22}.Release|Any CPU.Build.0 = Release|Any CPU
		{F921D6EE-FEF9-4E80-ADD0-09F3A79093A0}.Debug|Any CPU.ActiveCfg = Debug|Any CPU
		{F921D6EE-FEF9-4E80-ADD0-09F3A79093A0}.Debug|Any CPU.Build.0 = Debug|Any CPU
		{F921D6EE-FEF9-4E80-ADD0-09F3A79093A0}.Release|Any CPU.ActiveCfg = Release|Any CPU
		{F921D6EE-FEF9-4E80-ADD0-09F3A79093A0}.Release|Any CPU.Build.0 = Release|Any CPU
		{C5149FCD-9092-4F54-95DC-0006FE7424F9}.Debug|Any CPU.ActiveCfg = Debug|Any CPU
		{C5149FCD-9092-4F54-95DC-0006FE7424F9}.Debug|Any CPU.Build.0 = Debug|Any CPU
		{C5149FCD-9092-4F54-95DC-0006FE7424F9}.Release|Any CPU.ActiveCfg = Release|Any CPU
		{C5149FCD-9092-4F54-95DC-0006FE7424F9}.Release|Any CPU.Build.0 = Release|Any CPU
	EndGlobalSection
	GlobalSection(SolutionProperties) = preSolution
		HideSolutionNode = FALSE
	EndGlobalSection
	GlobalSection(ExtensibilityGlobals) = postSolution
		SolutionGuid = {E2FDDDBA-6484-42C2-8275-8B0367EF08FE}
	EndGlobalSection
EndGlobal
